
Microsoft Visual Studio Solution File, Format Version 12.00
# Visual Studio 15
VisualStudioVersion = 15.0.28307.168
MinimumVisualStudioVersion = 10.0.40219.1
Project("{FAE04EC0-301F-11D3-BF4B-00C04F79EFBC}") = "XamarinTest.Android", "XamarinTest\XamarinTest.Android\XamarinTest.Android.csproj", "{5214FCCD-7398-4F46-90D6-F777CC280D86}"
EndProject
Project("{FAE04EC0-301F-11D3-BF4B-00C04F79EFBC}") = "XamarinTest.iOS", "XamarinTest\XamarinTest.iOS\XamarinTest.iOS.csproj", "{1C221AEC-AA22-4625-A04D-9C81636E889A}"
EndProject
Project("{FAE04EC0-301F-11D3-BF4B-00C04F79EFBC}") = "XamarinTest", "XamarinTest\XamarinTest\XamarinTest.csproj", "{959C5AE3-D7C0-4149-9324-C8C856E63FA1}"
EndProject
Project("{2150E333-8FDC-42A3-9474-1A3956D46DE8}") = "Test", "Test", "{D641B58C-6C96-4074-98B2-C3D783567924}"
EndProject
Project("{FAE04EC0-301F-11D3-BF4B-00C04F79EFBC}") = "XamarinTest.UITests", "XamarinTest.UITests\XamarinTest.UITests.csproj", "{B19C892E-2628-4CA7-AD27-08D406A3B14B}"
EndProject
Global
	GlobalSection(SolutionConfigurationPlatforms) = preSolution
		Ad-Hoc|Any CPU = Ad-Hoc|Any CPU
		Ad-Hoc|iPhone = Ad-Hoc|iPhone
		Ad-Hoc|iPhoneSimulator = Ad-Hoc|iPhoneSimulator
		AppStore|Any CPU = AppStore|Any CPU
		AppStore|iPhone = AppStore|iPhone
		AppStore|iPhoneSimulator = AppStore|iPhoneSimulator
		Debug|Any CPU = Debug|Any CPU
		Debug|iPhone = Debug|iPhone
		Debug|iPhoneSimulator = Debug|iPhoneSimulator
		Release|Any CPU = Release|Any CPU
		Release|iPhone = Release|iPhone
		Release|iPhoneSimulator = Release|iPhoneSimulator
	EndGlobalSection
	GlobalSection(ProjectConfigurationPlatforms) = postSolution
		{5214FCCD-7398-4F46-90D6-F777CC280D86}.Ad-Hoc|Any CPU.ActiveCfg = Release|Any CPU
		{5214FCCD-7398-4F46-90D6-F777CC280D86}.Ad-Hoc|Any CPU.Build.0 = Release|Any CPU
		{5214FCCD-7398-4F46-90D6-F777CC280D86}.Ad-Hoc|Any CPU.Deploy.0 = Release|Any CPU
		{5214FCCD-7398-4F46-90D6-F777CC280D86}.Ad-Hoc|iPhone.ActiveCfg = Release|Any CPU
		{5214FCCD-7398-4F46-90D6-F777CC280D86}.Ad-Hoc|iPhone.Build.0 = Release|Any CPU
		{5214FCCD-7398-4F46-90D6-F777CC280D86}.Ad-Hoc|iPhone.Deploy.0 = Release|Any CPU
		{5214FCCD-7398-4F46-90D6-F777CC280D86}.Ad-Hoc|iPhoneSimulator.ActiveCfg = Release|Any CPU
		{5214FCCD-7398-4F46-90D6-F777CC280D86}.Ad-Hoc|iPhoneSimulator.Build.0 = Release|Any CPU
		{5214FCCD-7398-4F46-90D6-F777CC280D86}.Ad-Hoc|iPhoneSimulator.Deploy.0 = Release|Any CPU
		{5214FCCD-7398-4F46-90D6-F777CC280D86}.AppStore|Any CPU.ActiveCfg = Release|Any CPU
		{5214FCCD-7398-4F46-90D6-F777CC280D86}.AppStore|Any CPU.Build.0 = Release|Any CPU
		{5214FCCD-7398-4F46-90D6-F777CC280D86}.AppStore|Any CPU.Deploy.0 = Release|Any CPU
		{5214FCCD-7398-4F46-90D6-F777CC280D86}.AppStore|iPhone.ActiveCfg = Release|Any CPU
		{5214FCCD-7398-4F46-90D6-F777CC280D86}.AppStore|iPhone.Build.0 = Release|Any CPU
		{5214FCCD-7398-4F46-90D6-F777CC280D86}.AppStore|iPhone.Deploy.0 = Release|Any CPU
		{5214FCCD-7398-4F46-90D6-F777CC280D86}.AppStore|iPhoneSimulator.ActiveCfg = Release|Any CPU
		{5214FCCD-7398-4F46-90D6-F777CC280D86}.AppStore|iPhoneSimulator.Build.0 = Release|Any CPU
		{5214FCCD-7398-4F46-90D6-F777CC280D86}.AppStore|iPhoneSimulator.Deploy.0 = Release|Any CPU
		{5214FCCD-7398-4F46-90D6-F777CC280D86}.Debug|Any CPU.ActiveCfg = Debug|Any CPU
		{5214FCCD-7398-4F46-90D6-F777CC280D86}.Debug|Any CPU.Build.0 = Debug|Any CPU
		{5214FCCD-7398-4F46-90D6-F777CC280D86}.Debug|Any CPU.Deploy.0 = Debug|Any CPU
		{5214FCCD-7398-4F46-90D6-F777CC280D86}.Debug|iPhone.ActiveCfg = Debug|Any CPU
		{5214FCCD-7398-4F46-90D6-F777CC280D86}.Debug|iPhone.Build.0 = Debug|Any CPU
		{5214FCCD-7398-4F46-90D6-F777CC280D86}.Debug|iPhone.Deploy.0 = Debug|Any CPU
		{5214FCCD-7398-4F46-90D6-F777CC280D86}.Debug|iPhoneSimulator.ActiveCfg = Debug|Any CPU
		{5214FCCD-7398-4F46-90D6-F777CC280D86}.Debug|iPhoneSimulator.Build.0 = Debug|Any CPU
		{5214FCCD-7398-4F46-90D6-F777CC280D86}.Debug|iPhoneSimulator.Deploy.0 = Debug|Any CPU
		{5214FCCD-7398-4F46-90D6-F777CC280D86}.Release|Any CPU.ActiveCfg = Release|Any CPU
		{5214FCCD-7398-4F46-90D6-F777CC280D86}.Release|Any CPU.Build.0 = Release|Any CPU
		{5214FCCD-7398-4F46-90D6-F777CC280D86}.Release|Any CPU.Deploy.0 = Release|Any CPU
		{5214FCCD-7398-4F46-90D6-F777CC280D86}.Release|iPhone.ActiveCfg = Release|Any CPU
		{5214FCCD-7398-4F46-90D6-F777CC280D86}.Release|iPhone.Build.0 = Release|Any CPU
		{5214FCCD-7398-4F46-90D6-F777CC280D86}.Release|iPhone.Deploy.0 = Release|Any CPU
		{5214FCCD-7398-4F46-90D6-F777CC280D86}.Release|iPhoneSimulator.ActiveCfg = Release|Any CPU
		{5214FCCD-7398-4F46-90D6-F777CC280D86}.Release|iPhoneSimulator.Build.0 = Release|Any CPU
		{5214FCCD-7398-4F46-90D6-F777CC280D86}.Release|iPhoneSimulator.Deploy.0 = Release|Any CPU
		{1C221AEC-AA22-4625-A04D-9C81636E889A}.Ad-Hoc|Any CPU.ActiveCfg = Ad-Hoc|iPhone
		{1C221AEC-AA22-4625-A04D-9C81636E889A}.Ad-Hoc|Any CPU.Build.0 = Ad-Hoc|iPhone
		{1C221AEC-AA22-4625-A04D-9C81636E889A}.Ad-Hoc|Any CPU.Deploy.0 = Ad-Hoc|iPhone
		{1C221AEC-AA22-4625-A04D-9C81636E889A}.Ad-Hoc|iPhone.ActiveCfg = Ad-Hoc|iPhone
		{1C221AEC-AA22-4625-A04D-9C81636E889A}.Ad-Hoc|iPhone.Build.0 = Ad-Hoc|iPhone
		{1C221AEC-AA22-4625-A04D-9C81636E889A}.Ad-Hoc|iPhone.Deploy.0 = Ad-Hoc|iPhone
		{1C221AEC-AA22-4625-A04D-9C81636E889A}.Ad-Hoc|iPhoneSimulator.ActiveCfg = Ad-Hoc|iPhoneSimulator
		{1C221AEC-AA22-4625-A04D-9C81636E889A}.Ad-Hoc|iPhoneSimulator.Build.0 = Ad-Hoc|iPhoneSimulator
		{1C221AEC-AA22-4625-A04D-9C81636E889A}.Ad-Hoc|iPhoneSimulator.Deploy.0 = Ad-Hoc|iPhoneSimulator
		{1C221AEC-AA22-4625-A04D-9C81636E889A}.AppStore|Any CPU.ActiveCfg = AppStore|iPhone
		{1C221AEC-AA22-4625-A04D-9C81636E889A}.AppStore|Any CPU.Build.0 = AppStore|iPhone
		{1C221AEC-AA22-4625-A04D-9C81636E889A}.AppStore|Any CPU.Deploy.0 = AppStore|iPhone
		{1C221AEC-AA22-4625-A04D-9C81636E889A}.AppStore|iPhone.ActiveCfg = AppStore|iPhone
		{1C221AEC-AA22-4625-A04D-9C81636E889A}.AppStore|iPhone.Build.0 = AppStore|iPhone
		{1C221AEC-AA22-4625-A04D-9C81636E889A}.AppStore|iPhone.Deploy.0 = AppStore|iPhone
		{1C221AEC-AA22-4625-A04D-9C81636E889A}.AppStore|iPhoneSimulator.ActiveCfg = AppStore|iPhoneSimulator
		{1C221AEC-AA22-4625-A04D-9C81636E889A}.AppStore|iPhoneSimulator.Build.0 = AppStore|iPhoneSimulator
		{1C221AEC-AA22-4625-A04D-9C81636E889A}.AppStore|iPhoneSimulator.Deploy.0 = AppStore|iPhoneSimulator
		{1C221AEC-AA22-4625-A04D-9C81636E889A}.Debug|Any CPU.ActiveCfg = Debug|iPhoneSimulator
		{1C221AEC-AA22-4625-A04D-9C81636E889A}.Debug|Any CPU.Build.0 = Debug|iPhoneSimulator
		{1C221AEC-AA22-4625-A04D-9C81636E889A}.Debug|Any CPU.Deploy.0 = Debug|iPhoneSimulator
		{1C221AEC-AA22-4625-A04D-9C81636E889A}.Debug|iPhone.ActiveCfg = Debug|iPhone
		{1C221AEC-AA22-4625-A04D-9C81636E889A}.Debug|iPhone.Build.0 = Debug|iPhone
		{1C221AEC-AA22-4625-A04D-9C81636E889A}.Debug|iPhone.Deploy.0 = Debug|iPhone
		{1C221AEC-AA22-4625-A04D-9C81636E889A}.Debug|iPhoneSimulator.ActiveCfg = Debug|iPhoneSimulator
		{1C221AEC-AA22-4625-A04D-9C81636E889A}.Debug|iPhoneSimulator.Build.0 = Debug|iPhoneSimulator
		{1C221AEC-AA22-4625-A04D-9C81636E889A}.Debug|iPhoneSimulator.Deploy.0 = Debug|iPhoneSimulator
		{1C221AEC-AA22-4625-A04D-9C81636E889A}.Release|Any CPU.ActiveCfg = Release|iPhone
		{1C221AEC-AA22-4625-A04D-9C81636E889A}.Release|Any CPU.Build.0 = Release|iPhone
		{1C221AEC-AA22-4625-A04D-9C81636E889A}.Release|Any CPU.Deploy.0 = Release|iPhone
		{1C221AEC-AA22-4625-A04D-9C81636E889A}.Release|iPhone.ActiveCfg = Release|iPhone
		{1C221AEC-AA22-4625-A04D-9C81636E889A}.Release|iPhone.Build.0 = Release|iPhone
		{1C221AEC-AA22-4625-A04D-9C81636E889A}.Release|iPhone.Deploy.0 = Release|iPhone
		{1C221AEC-AA22-4625-A04D-9C81636E889A}.Release|iPhoneSimulator.ActiveCfg = Release|iPhoneSimulator
		{1C221AEC-AA22-4625-A04D-9C81636E889A}.Release|iPhoneSimulator.Build.0 = Release|iPhoneSimulator
		{1C221AEC-AA22-4625-A04D-9C81636E889A}.Release|iPhoneSimulator.Deploy.0 = Release|iPhoneSimulator
		{959C5AE3-D7C0-4149-9324-C8C856E63FA1}.Ad-Hoc|Any CPU.ActiveCfg = Debug|Any CPU
		{959C5AE3-D7C0-4149-9324-C8C856E63FA1}.Ad-Hoc|Any CPU.Build.0 = Debug|Any CPU
		{959C5AE3-D7C0-4149-9324-C8C856E63FA1}.Ad-Hoc|Any CPU.Deploy.0 = Debug|Any CPU
		{959C5AE3-D7C0-4149-9324-C8C856E63FA1}.Ad-Hoc|iPhone.ActiveCfg = Debug|Any CPU
		{959C5AE3-D7C0-4149-9324-C8C856E63FA1}.Ad-Hoc|iPhone.Build.0 = Debug|Any CPU
		{959C5AE3-D7C0-4149-9324-C8C856E63FA1}.Ad-Hoc|iPhone.Deploy.0 = Debug|Any CPU
		{959C5AE3-D7C0-4149-9324-C8C856E63FA1}.Ad-Hoc|iPhoneSimulator.ActiveCfg = Debug|Any CPU
		{959C5AE3-D7C0-4149-9324-C8C856E63FA1}.Ad-Hoc|iPhoneSimulator.Build.0 = Debug|Any CPU
		{959C5AE3-D7C0-4149-9324-C8C856E63FA1}.Ad-Hoc|iPhoneSimulator.Deploy.0 = Debug|Any CPU
		{959C5AE3-D7C0-4149-9324-C8C856E63FA1}.AppStore|Any CPU.ActiveCfg = Debug|Any CPU
		{959C5AE3-D7C0-4149-9324-C8C856E63FA1}.AppStore|Any CPU.Build.0 = Debug|Any CPU
		{959C5AE3-D7C0-4149-9324-C8C856E63FA1}.AppStore|Any CPU.Deploy.0 = Debug|Any CPU
		{959C5AE3-D7C0-4149-9324-C8C856E63FA1}.AppStore|iPhone.ActiveCfg = Debug|Any CPU
		{959C5AE3-D7C0-4149-9324-C8C856E63FA1}.AppStore|iPhone.Build.0 = Debug|Any CPU
		{959C5AE3-D7C0-4149-9324-C8C856E63FA1}.AppStore|iPhone.Deploy.0 = Debug|Any CPU
		{959C5AE3-D7C0-4149-9324-C8C856E63FA1}.AppStore|iPhoneSimulator.ActiveCfg = Debug|Any CPU
		{959C5AE3-D7C0-4149-9324-C8C856E63FA1}.AppStore|iPhoneSimulator.Build.0 = Debug|Any CPU
		{959C5AE3-D7C0-4149-9324-C8C856E63FA1}.AppStore|iPhoneSimulator.Deploy.0 = Debug|Any CPU
		{959C5AE3-D7C0-4149-9324-C8C856E63FA1}.Debug|Any CPU.ActiveCfg = Debug|Any CPU
		{959C5AE3-D7C0-4149-9324-C8C856E63FA1}.Debug|Any CPU.Build.0 = Debug|Any CPU
		{959C5AE3-D7C0-4149-9324-C8C856E63FA1}.Debug|Any CPU.Deploy.0 = Debug|Any CPU
		{959C5AE3-D7C0-4149-9324-C8C856E63FA1}.Debug|iPhone.ActiveCfg = Debug|Any CPU
		{959C5AE3-D7C0-4149-9324-C8C856E63FA1}.Debug|iPhone.Build.0 = Debug|Any CPU
		{959C5AE3-D7C0-4149-9324-C8C856E63FA1}.Debug|iPhone.Deploy.0 = Debug|Any CPU
		{959C5AE3-D7C0-4149-9324-C8C856E63FA1}.Debug|iPhoneSimulator.ActiveCfg = Debug|Any CPU
		{959C5AE3-D7C0-4149-9324-C8C856E63FA1}.Debug|iPhoneSimulator.Build.0 = Debug|Any CPU
		{959C5AE3-D7C0-4149-9324-C8C856E63FA1}.Debug|iPhoneSimulator.Deploy.0 = Debug|Any CPU
		{959C5AE3-D7C0-4149-9324-C8C856E63FA1}.Release|Any CPU.ActiveCfg = Release|Any CPU
		{959C5AE3-D7C0-4149-9324-C8C856E63FA1}.Release|Any CPU.Build.0 = Release|Any CPU
		{959C5AE3-D7C0-4149-9324-C8C856E63FA1}.Release|Any CPU.Deploy.0 = Release|Any CPU
		{959C5AE3-D7C0-4149-9324-C8C856E63FA1}.Release|iPhone.ActiveCfg = Release|Any CPU
		{959C5AE3-D7C0-4149-9324-C8C856E63FA1}.Release|iPhone.Build.0 = Release|Any CPU
		{959C5AE3-D7C0-4149-9324-C8C856E63FA1}.Release|iPhone.Deploy.0 = Release|Any CPU
		{959C5AE3-D7C0-4149-9324-C8C856E63FA1}.Release|iPhoneSimulator.ActiveCfg = Release|Any CPU
		{959C5AE3-D7C0-4149-9324-C8C856E63FA1}.Release|iPhoneSimulator.Build.0 = Release|Any CPU
		{959C5AE3-D7C0-4149-9324-C8C856E63FA1}.Release|iPhoneSimulator.Deploy.0 = Release|Any CPU
		{B19C892E-2628-4CA7-AD27-08D406A3B14B}.Ad-Hoc|Any CPU.ActiveCfg = Release|Any CPU
		{B19C892E-2628-4CA7-AD27-08D406A3B14B}.Ad-Hoc|Any CPU.Build.0 = Release|Any CPU
		{B19C892E-2628-4CA7-AD27-08D406A3B14B}.Ad-Hoc|iPhone.ActiveCfg = Release|Any CPU
		{B19C892E-2628-4CA7-AD27-08D406A3B14B}.Ad-Hoc|iPhone.Build.0 = Release|Any CPU
		{B19C892E-2628-4CA7-AD27-08D406A3B14B}.Ad-Hoc|iPhoneSimulator.ActiveCfg = Release|Any CPU
		{B19C892E-2628-4CA7-AD27-08D406A3B14B}.Ad-Hoc|iPhoneSimulator.Build.0 = Release|Any CPU
		{B19C892E-2628-4CA7-AD27-08D406A3B14B}.AppStore|Any CPU.ActiveCfg = Release|Any CPU
		{B19C892E-2628-4CA7-AD27-08D406A3B14B}.AppStore|Any CPU.Build.0 = Release|Any CPU
		{B19C892E-2628-4CA7-AD27-08D406A3B14B}.AppStore|iPhone.ActiveCfg = Release|Any CPU
		{B19C892E-2628-4CA7-AD27-08D406A3B14B}.AppStore|iPhone.Build.0 = Release|Any CPU
		{B19C892E-2628-4CA7-AD27-08D406A3B14B}.AppStore|iPhoneSimulator.ActiveCfg = Release|Any CPU
		{B19C892E-2628-4CA7-AD27-08D406A3B14B}.AppStore|iPhoneSimulator.Build.0 = Release|Any CPU
		{B19C892E-2628-4CA7-AD27-08D406A3B14B}.Debug|Any CPU.ActiveCfg = Debug|Any CPU
		{B19C892E-2628-4CA7-AD27-08D406A3B14B}.Debug|Any CPU.Build.0 = Debug|Any CPU
		{B19C892E-2628-4CA7-AD27-08D406A3B14B}.Debug|iPhone.ActiveCfg = Debug|Any CPU
		{B19C892E-2628-4CA7-AD27-08D406A3B14B}.Debug|iPhone.Build.0 = Debug|Any CPU
		{B19C892E-2628-4CA7-AD27-08D406A3B14B}.Debug|iPhoneSimulator.ActiveCfg = Debug|Any CPU
		{B19C892E-2628-4CA7-AD27-08D406A3B14B}.Debug|iPhoneSimulator.Build.0 = Debug|Any CPU
		{B19C892E-2628-4CA7-AD27-08D406A3B14B}.Release|Any CPU.ActiveCfg = Release|Any CPU
		{B19C892E-2628-4CA7-AD27-08D406A3B14B}.Release|Any CPU.Build.0 = Release|Any CPU
		{B19C892E-2628-4CA7-AD27-08D406A3B14B}.Release|iPhone.ActiveCfg = Release|Any CPU
		{B19C892E-2628-4CA7-AD27-08D406A3B14B}.Release|iPhone.Build.0 = Release|Any CPU
		{B19C892E-2628-4CA7-AD27-08D406A3B14B}.Release|iPhoneSimulator.ActiveCfg = Release|Any CPU
		{B19C892E-2628-4CA7-AD27-08D406A3B14B}.Release|iPhoneSimulator.Build.0 = Release|Any CPU
	EndGlobalSection
	GlobalSection(SolutionProperties) = preSolution
		HideSolutionNode = FALSE
	EndGlobalSection
	GlobalSection(NestedProjects) = preSolution
		{B19C892E-2628-4CA7-AD27-08D406A3B14B} = {D641B58C-6C96-4074-98B2-C3D783567924}
	EndGlobalSection
	GlobalSection(ExtensibilityGlobals) = postSolution
		SolutionGuid = {AE4CA96F-E495-4550-B25D-DB5C892C00E9}
	EndGlobalSection
EndGlobal
